
Microsoft Visual Studio Solution File, Format Version 12.00
# Visual Studio Version 16
VisualStudioVersion = 16.0.30621.155
MinimumVisualStudioVersion = 10.0.40219.1
Project("{FAE04EC0-301F-11D3-BF4B-00C04F79EFBC}") = "Practice", "Practice\Practice.csproj", "{66773706-320E-459C-8544-7C12A7DCD0EA}"
EndProject
Global
	GlobalSection(SolutionConfigurationPlatforms) = preSolution
		Debug|Any CPU = Debug|Any CPU
		Release|Any CPU = Release|Any CPU
	EndGlobalSection
	GlobalSection(ProjectConfigurationPlatforms) = postSolution
		{66773706-320E-459C-8544-7C12A7DCD0EA}.Debug|Any CPU.ActiveCfg = Debug|Any CPU
		{66773706-320E-459C-8544-7C12A7DCD0EA}.Debug|Any CPU.Build.0 = Debug|Any CPU
		{66773706-320E-459C-8544-7C12A7DCD0EA}.Release|Any CPU.ActiveCfg = Release|Any CPU
		{66773706-320E-459C-8544-7C12A7DCD0EA}.Release|Any CPU.Build.0 = Release|Any CPU
	EndGlobalSection
	GlobalSection(SolutionProperties) = preSolution
		HideSolutionNode = FALSE
	EndGlobalSection
	GlobalSection(ExtensibilityGlobals) = postSolution
		SolutionGuid = {3DBDAC40-8E2F-4010-A5BC-7D72A5CEC32C}
	EndGlobalSection
EndGlobal
